// !$*UTF8*$!
{
	archiveVersion = 1;
	classes = {
	};
	objectVersion = 56;
	objects = {

/* Begin PBXBuildFile section */
		AE0C429E29D1861500874279 /* AuroraMapViewLink.swift in Sources */ = {isa = PBXBuildFile; fileRef = AE0C429D29D1861400874279 /* AuroraMapViewLink.swift */; };
		AE0F51BE29C64E1F007C90CB /* MainMenu.swift in Sources */ = {isa = PBXBuildFile; fileRef = AE0F51BD29C64E1F007C90CB /* MainMenu.swift */; };
		AE0F51C129C64EBC007C90CB /* MainMenuButton.swift in Sources */ = {isa = PBXBuildFile; fileRef = AE0F51C029C64EBC007C90CB /* MainMenuButton.swift */; };
		AE0F6E2C29D9A51000BBFAD3 /* IndividualAuroraSpot+Preview.swift in Sources */ = {isa = PBXBuildFile; fileRef = AE0F6E2B29D9A51000BBFAD3 /* IndividualAuroraSpot+Preview.swift */; };
		AE1371012AC36910008C9C7C /* backgroundAuroraRefresh.swift in Sources */ = {isa = PBXBuildFile; fileRef = AE1371002AC36910008C9C7C /* backgroundAuroraRefresh.swift */; };
		AE1805D32981BDAC00C96DD1 /* Aurora.swift in Sources */ = {isa = PBXBuildFile; fileRef = AE1805D22981BDAC00C96DD1 /* Aurora.swift */; };
		AE1805D62981BDEA00C96DD1 /* AuroraError.swift in Sources */ = {isa = PBXBuildFile; fileRef = AE1805D52981BDEA00C96DD1 /* AuroraError.swift */; };
		AE1805DA2981C44F00C96DD1 /* SampleData.json in Resources */ = {isa = PBXBuildFile; fileRef = AE1805D92981C44F00C96DD1 /* SampleData.json */; };
		AE1805E22981CDC200C96DD1 /* Aurora_TrackerTests.swift in Sources */ = {isa = PBXBuildFile; fileRef = AE1805E12981CDC200C96DD1 /* Aurora_TrackerTests.swift */; };
		AE1805EB2981DC5600C96DD1 /* AuroraLocation.swift in Sources */ = {isa = PBXBuildFile; fileRef = AE1805EA2981DC5600C96DD1 /* AuroraLocation.swift */; };
		AE1805ED2981E1F000C96DD1 /* Aurora+Preview.swift in Sources */ = {isa = PBXBuildFile; fileRef = AE1805EC2981E1F000C96DD1 /* Aurora+Preview.swift */; };
		AE1805EF29820B5300C96DD1 /* MapView.swift in Sources */ = {isa = PBXBuildFile; fileRef = AE1805EE29820B5300C96DD1 /* MapView.swift */; };
		AE1805F029820DB100C96DD1 /* TestData.swift in Sources */ = {isa = PBXBuildFile; fileRef = AE1805E82981CE2300C96DD1 /* TestData.swift */; };
		AE1805F429820EDF00C96DD1 /* Aurora+Color.swift in Sources */ = {isa = PBXBuildFile; fileRef = AE1805F329820EDF00C96DD1 /* Aurora+Color.swift */; };
		AE214D9029B3ECA100F56724 /* AuroraRendererCustom.swift in Sources */ = {isa = PBXBuildFile; fileRef = AE214D8F29B3ECA100F56724 /* AuroraRendererCustom.swift */; };
		AE2FB45C2A1FA479004D0B00 /* NotificationBasicModel.swift in Sources */ = {isa = PBXBuildFile; fileRef = AE2FB45B2A1FA479004D0B00 /* NotificationBasicModel.swift */; };
		AE2FB45D2A1FA479004D0B00 /* NotificationBasicModel.swift in Sources */ = {isa = PBXBuildFile; fileRef = AE2FB45B2A1FA479004D0B00 /* NotificationBasicModel.swift */; };
		AE30ED9A2984C55100B30D65 /* AuroraColorCode.swift in Sources */ = {isa = PBXBuildFile; fileRef = AE30ED992984C55100B30D65 /* AuroraColorCode.swift */; };
		AE42CF7629D7D2AD00E1C00B /* EventsList.swift in Sources */ = {isa = PBXBuildFile; fileRef = AE42CF7529D7D2AD00E1C00B /* EventsList.swift */; };
		AE42CF7829D7D2C000E1C00B /* EventCell.swift in Sources */ = {isa = PBXBuildFile; fileRef = AE42CF7729D7D2C000E1C00B /* EventCell.swift */; };
		AE42CF7A29D7DFE300E1C00B /* EventModel.swift in Sources */ = {isa = PBXBuildFile; fileRef = AE42CF7929D7DFE300E1C00B /* EventModel.swift */; };
		AE42CF7C29D7E04A00E1C00B /* Event.swift in Sources */ = {isa = PBXBuildFile; fileRef = AE42CF7B29D7E04A00E1C00B /* Event.swift */; };
		AE42CF7F29D7FB0700E1C00B /* Events.json in Resources */ = {isa = PBXBuildFile; fileRef = AE42CF7E29D7FB0700E1C00B /* Events.json */; };
		AE42CF8129D8038B00E1C00B /* EventDetail.swift in Sources */ = {isa = PBXBuildFile; fileRef = AE42CF8029D8038B00E1C00B /* EventDetail.swift */; };
		AE42CF8329D8106E00E1C00B /* CustomMenuButton.swift in Sources */ = {isa = PBXBuildFile; fileRef = AE42CF8229D8106E00E1C00B /* CustomMenuButton.swift */; };
		AE50FF6729905EE100743942 /* AuroraCoordinateRectangle.swift in Sources */ = {isa = PBXBuildFile; fileRef = AE50FF6629905EE100743942 /* AuroraCoordinateRectangle.swift */; };
		AE567B9429AE4A4800D75FEB /* CoordinateCalculations.swift in Sources */ = {isa = PBXBuildFile; fileRef = AE567B9329AE4A4800D75FEB /* CoordinateCalculations.swift */; };
		AE5A4A612996A802000856A3 /* AuroraTileOverlay.swift in Sources */ = {isa = PBXBuildFile; fileRef = AE5A4A602996A802000856A3 /* AuroraTileOverlay.swift */; };
		AE5A4A632996BC80000856A3 /* SaveAuroraTiles.swift in Sources */ = {isa = PBXBuildFile; fileRef = AE5A4A622996BC80000856A3 /* SaveAuroraTiles.swift */; };
		AE820F022AE992FD00EAA6E2 /* TileCoordinateCalculator.swift in Sources */ = {isa = PBXBuildFile; fileRef = AE820F012AE992FD00EAA6E2 /* TileCoordinateCalculator.swift */; };
		AE82E52E2A672DC2007CD427 /* BasicTimer.swift in Sources */ = {isa = PBXBuildFile; fileRef = AE82E52D2A672DC2007CD427 /* BasicTimer.swift */; };
		AE8D4F012981AD7B008AE9A2 /* Aurora_TrackerApp.swift in Sources */ = {isa = PBXBuildFile; fileRef = AE8D4F002981AD7B008AE9A2 /* Aurora_TrackerApp.swift */; };
		AE8D4F032981AD7B008AE9A2 /* ContentView.swift in Sources */ = {isa = PBXBuildFile; fileRef = AE8D4F022981AD7B008AE9A2 /* ContentView.swift */; };
		AE8D4F052981AD7C008AE9A2 /* Assets.xcassets in Resources */ = {isa = PBXBuildFile; fileRef = AE8D4F042981AD7C008AE9A2 /* Assets.xcassets */; };
		AE8D4F092981AD7C008AE9A2 /* Preview Assets.xcassets in Resources */ = {isa = PBXBuildFile; fileRef = AE8D4F082981AD7C008AE9A2 /* Preview Assets.xcassets */; };
		AE94F3862983254D00068AB5 /* AuroraList+Preview.swift in Sources */ = {isa = PBXBuildFile; fileRef = AE94F3852983254D00068AB5 /* AuroraList+Preview.swift */; };
		AE94F3882983314300068AB5 /* AuroraProvider.swift in Sources */ = {isa = PBXBuildFile; fileRef = AE94F3872983314300068AB5 /* AuroraProvider.swift */; };
		AE94F38C2983328C00068AB5 /* HTTPDataDownloader.swift in Sources */ = {isa = PBXBuildFile; fileRef = AE94F38B2983328C00068AB5 /* HTTPDataDownloader.swift */; };
		AE94F38D2983340600068AB5 /* TestDownloader.swift in Sources */ = {isa = PBXBuildFile; fileRef = AE94F3892983325D00068AB5 /* TestDownloader.swift */; };
		AE94F3902983361F00068AB5 /* AuroraClient.swift in Sources */ = {isa = PBXBuildFile; fileRef = AE94F38F2983361F00068AB5 /* AuroraClient.swift */; };
		AEA006332983107D00EB1EA6 /* AuroraLocationsList.swift in Sources */ = {isa = PBXBuildFile; fileRef = AEA006322983107D00EB1EA6 /* AuroraLocationsList.swift */; };
		AEA00635298310E100EB1EA6 /* IndividualAuroraSpot.swift in Sources */ = {isa = PBXBuildFile; fileRef = AEA00634298310E100EB1EA6 /* IndividualAuroraSpot.swift */; };
		AECB102C2A1FE6DE00087321 /* CoordinateFinder.swift in Sources */ = {isa = PBXBuildFile; fileRef = AECB102B2A1FE6DE00087321 /* CoordinateFinder.swift */; };
		AEF758F62988787100D8CC64 /* AuroraOverlay.swift in Sources */ = {isa = PBXBuildFile; fileRef = AEF758F52988787100D8CC64 /* AuroraOverlay.swift */; };
		AEF758FA29888F2600D8CC64 /* AuroraMapView.swift in Sources */ = {isa = PBXBuildFile; fileRef = AEF758F929888F2600D8CC64 /* AuroraMapView.swift */; };
		AEFF4BC82B5304A5007EB929 /* MenuSampleBuild.swift in Sources */ = {isa = PBXBuildFile; fileRef = AEFF4BC72B5304A5007EB929 /* MenuSampleBuild.swift */; };
/* End PBXBuildFile section */

/* Begin PBXContainerItemProxy section */
		AE1805E32981CDC200C96DD1 /* PBXContainerItemProxy */ = {
			isa = PBXContainerItemProxy;
			containerPortal = AE8D4EF52981AD7B008AE9A2 /* Project object */;
			proxyType = 1;
			remoteGlobalIDString = AE8D4EFC2981AD7B008AE9A2;
			remoteInfo = "Aurora Tracker";
		};
/* End PBXContainerItemProxy section */

/* Begin PBXFileReference section */
		AE0C429D29D1861400874279 /* AuroraMapViewLink.swift */ = {isa = PBXFileReference; lastKnownFileType = sourcecode.swift; path = AuroraMapViewLink.swift; sourceTree = "<group>"; };
		AE0F51BD29C64E1F007C90CB /* MainMenu.swift */ = {isa = PBXFileReference; lastKnownFileType = sourcecode.swift; path = MainMenu.swift; sourceTree = "<group>"; };
		AE0F51C029C64EBC007C90CB /* MainMenuButton.swift */ = {isa = PBXFileReference; lastKnownFileType = sourcecode.swift; path = MainMenuButton.swift; sourceTree = "<group>"; };
		AE0F6E2B29D9A51000BBFAD3 /* IndividualAuroraSpot+Preview.swift */ = {isa = PBXFileReference; lastKnownFileType = sourcecode.swift; path = "IndividualAuroraSpot+Preview.swift"; sourceTree = "<group>"; };
		AE1371002AC36910008C9C7C /* backgroundAuroraRefresh.swift */ = {isa = PBXFileReference; lastKnownFileType = sourcecode.swift; path = backgroundAuroraRefresh.swift; sourceTree = "<group>"; };
		AE1805D22981BDAC00C96DD1 /* Aurora.swift */ = {isa = PBXFileReference; lastKnownFileType = sourcecode.swift; path = Aurora.swift; sourceTree = "<group>"; };
		AE1805D52981BDEA00C96DD1 /* AuroraError.swift */ = {isa = PBXFileReference; lastKnownFileType = sourcecode.swift; path = AuroraError.swift; sourceTree = "<group>"; };
		AE1805D92981C44F00C96DD1 /* SampleData.json */ = {isa = PBXFileReference; lastKnownFileType = text.json; path = SampleData.json; sourceTree = "<group>"; xcLanguageSpecificationIdentifier = xcode.lang.json; };
		AE1805DF2981CDC200C96DD1 /* Aurora TrackerTests.xctest */ = {isa = PBXFileReference; explicitFileType = wrapper.cfbundle; includeInIndex = 0; path = "Aurora TrackerTests.xctest"; sourceTree = BUILT_PRODUCTS_DIR; };
		AE1805E12981CDC200C96DD1 /* Aurora_TrackerTests.swift */ = {isa = PBXFileReference; lastKnownFileType = sourcecode.swift; path = Aurora_TrackerTests.swift; sourceTree = "<group>"; };
		AE1805E82981CE2300C96DD1 /* TestData.swift */ = {isa = PBXFileReference; lastKnownFileType = sourcecode.swift; name = TestData.swift; path = "Aurora Tracker/Models/TestData.swift"; sourceTree = SOURCE_ROOT; };
		AE1805EA2981DC5600C96DD1 /* AuroraLocation.swift */ = {isa = PBXFileReference; lastKnownFileType = sourcecode.swift; path = AuroraLocation.swift; sourceTree = "<group>"; };
		AE1805EC2981E1F000C96DD1 /* Aurora+Preview.swift */ = {isa = PBXFileReference; lastKnownFileType = sourcecode.swift; path = "Aurora+Preview.swift"; sourceTree = "<group>"; };
		AE1805EE29820B5300C96DD1 /* MapView.swift */ = {isa = PBXFileReference; lastKnownFileType = sourcecode.swift; path = MapView.swift; sourceTree = "<group>"; };
		AE1805F329820EDF00C96DD1 /* Aurora+Color.swift */ = {isa = PBXFileReference; lastKnownFileType = sourcecode.swift; path = "Aurora+Color.swift"; sourceTree = "<group>"; };
		AE214D8F29B3ECA100F56724 /* AuroraRendererCustom.swift */ = {isa = PBXFileReference; lastKnownFileType = sourcecode.swift; path = AuroraRendererCustom.swift; sourceTree = "<group>"; };
		AE2FB45B2A1FA479004D0B00 /* NotificationBasicModel.swift */ = {isa = PBXFileReference; lastKnownFileType = sourcecode.swift; path = NotificationBasicModel.swift; sourceTree = "<group>"; };
		AE30ED992984C55100B30D65 /* AuroraColorCode.swift */ = {isa = PBXFileReference; lastKnownFileType = sourcecode.swift; path = AuroraColorCode.swift; sourceTree = "<group>"; };
		AE42CF7529D7D2AD00E1C00B /* EventsList.swift */ = {isa = PBXFileReference; lastKnownFileType = sourcecode.swift; path = EventsList.swift; sourceTree = "<group>"; };
		AE42CF7729D7D2C000E1C00B /* EventCell.swift */ = {isa = PBXFileReference; lastKnownFileType = sourcecode.swift; path = EventCell.swift; sourceTree = "<group>"; };
		AE42CF7929D7DFE300E1C00B /* EventModel.swift */ = {isa = PBXFileReference; lastKnownFileType = sourcecode.swift; path = EventModel.swift; sourceTree = "<group>"; };
		AE42CF7B29D7E04A00E1C00B /* Event.swift */ = {isa = PBXFileReference; lastKnownFileType = sourcecode.swift; path = Event.swift; sourceTree = "<group>"; };
		AE42CF7E29D7FB0700E1C00B /* Events.json */ = {isa = PBXFileReference; lastKnownFileType = text.json; path = Events.json; sourceTree = "<group>"; };
		AE42CF8029D8038B00E1C00B /* EventDetail.swift */ = {isa = PBXFileReference; lastKnownFileType = sourcecode.swift; path = EventDetail.swift; sourceTree = "<group>"; };
		AE42CF8229D8106E00E1C00B /* CustomMenuButton.swift */ = {isa = PBXFileReference; lastKnownFileType = sourcecode.swift; path = CustomMenuButton.swift; sourceTree = "<group>"; };
		AE50FF6629905EE100743942 /* AuroraCoordinateRectangle.swift */ = {isa = PBXFileReference; lastKnownFileType = sourcecode.swift; path = AuroraCoordinateRectangle.swift; sourceTree = "<group>"; };
		AE567B9329AE4A4800D75FEB /* CoordinateCalculations.swift */ = {isa = PBXFileReference; lastKnownFileType = sourcecode.swift; path = CoordinateCalculations.swift; sourceTree = "<group>"; };
		AE5A4A602996A802000856A3 /* AuroraTileOverlay.swift */ = {isa = PBXFileReference; lastKnownFileType = sourcecode.swift; path = AuroraTileOverlay.swift; sourceTree = "<group>"; };
		AE5A4A622996BC80000856A3 /* SaveAuroraTiles.swift */ = {isa = PBXFileReference; lastKnownFileType = sourcecode.swift; path = SaveAuroraTiles.swift; sourceTree = "<group>"; };
		AE820F012AE992FD00EAA6E2 /* TileCoordinateCalculator.swift */ = {isa = PBXFileReference; lastKnownFileType = sourcecode.swift; path = TileCoordinateCalculator.swift; sourceTree = "<group>"; };
		AE82E52D2A672DC2007CD427 /* BasicTimer.swift */ = {isa = PBXFileReference; lastKnownFileType = sourcecode.swift; path = BasicTimer.swift; sourceTree = "<group>"; };
		AE8BD3592AC3534B00F18364 /* Aurora-Tracker-Info.plist */ = {isa = PBXFileReference; lastKnownFileType = text.plist; path = "Aurora-Tracker-Info.plist"; sourceTree = SOURCE_ROOT; };
		AE8D4EFD2981AD7B008AE9A2 /* Aurora Tracker.app */ = {isa = PBXFileReference; explicitFileType = wrapper.application; includeInIndex = 0; path = "Aurora Tracker.app"; sourceTree = BUILT_PRODUCTS_DIR; };
		AE8D4F002981AD7B008AE9A2 /* Aurora_TrackerApp.swift */ = {isa = PBXFileReference; lastKnownFileType = sourcecode.swift; path = Aurora_TrackerApp.swift; sourceTree = "<group>"; };
		AE8D4F022981AD7B008AE9A2 /* ContentView.swift */ = {isa = PBXFileReference; lastKnownFileType = sourcecode.swift; path = ContentView.swift; sourceTree = "<group>"; };
		AE8D4F042981AD7C008AE9A2 /* Assets.xcassets */ = {isa = PBXFileReference; lastKnownFileType = folder.assetcatalog; path = Assets.xcassets; sourceTree = "<group>"; };
		AE8D4F062981AD7C008AE9A2 /* Aurora_Tracker.entitlements */ = {isa = PBXFileReference; lastKnownFileType = text.plist.entitlements; path = Aurora_Tracker.entitlements; sourceTree = "<group>"; };
		AE8D4F082981AD7C008AE9A2 /* Preview Assets.xcassets */ = {isa = PBXFileReference; lastKnownFileType = folder.assetcatalog; path = "Preview Assets.xcassets"; sourceTree = "<group>"; };
		AE94F3852983254D00068AB5 /* AuroraList+Preview.swift */ = {isa = PBXFileReference; lastKnownFileType = sourcecode.swift; path = "AuroraList+Preview.swift"; sourceTree = "<group>"; };
		AE94F3872983314300068AB5 /* AuroraProvider.swift */ = {isa = PBXFileReference; lastKnownFileType = sourcecode.swift; path = AuroraProvider.swift; sourceTree = "<group>"; };
		AE94F3892983325D00068AB5 /* TestDownloader.swift */ = {isa = PBXFileReference; lastKnownFileType = sourcecode.swift; path = TestDownloader.swift; sourceTree = "<group>"; };
		AE94F38B2983328C00068AB5 /* HTTPDataDownloader.swift */ = {isa = PBXFileReference; lastKnownFileType = sourcecode.swift; path = HTTPDataDownloader.swift; sourceTree = "<group>"; };
		AE94F38F2983361F00068AB5 /* AuroraClient.swift */ = {isa = PBXFileReference; lastKnownFileType = sourcecode.swift; path = AuroraClient.swift; sourceTree = "<group>"; };
		AEA006322983107D00EB1EA6 /* AuroraLocationsList.swift */ = {isa = PBXFileReference; lastKnownFileType = sourcecode.swift; path = AuroraLocationsList.swift; sourceTree = "<group>"; };
		AEA00634298310E100EB1EA6 /* IndividualAuroraSpot.swift */ = {isa = PBXFileReference; lastKnownFileType = sourcecode.swift; path = IndividualAuroraSpot.swift; sourceTree = "<group>"; };
		AECB102B2A1FE6DE00087321 /* CoordinateFinder.swift */ = {isa = PBXFileReference; lastKnownFileType = sourcecode.swift; path = CoordinateFinder.swift; sourceTree = "<group>"; };
		AEF758F52988787100D8CC64 /* AuroraOverlay.swift */ = {isa = PBXFileReference; lastKnownFileType = sourcecode.swift; path = AuroraOverlay.swift; sourceTree = "<group>"; };
		AEF758F929888F2600D8CC64 /* AuroraMapView.swift */ = {isa = PBXFileReference; lastKnownFileType = sourcecode.swift; path = AuroraMapView.swift; sourceTree = "<group>"; };
		AEFF4BC72B5304A5007EB929 /* MenuSampleBuild.swift */ = {isa = PBXFileReference; lastKnownFileType = sourcecode.swift; path = MenuSampleBuild.swift; sourceTree = "<group>"; };
/* End PBXFileReference section */

/* Begin PBXFrameworksBuildPhase section */
		AE1805DC2981CDC200C96DD1 /* Frameworks */ = {
			isa = PBXFrameworksBuildPhase;
			buildActionMask = 2147483647;
			files = (
			);
			runOnlyForDeploymentPostprocessing = 0;
		};
		AE8D4EFA2981AD7B008AE9A2 /* Frameworks */ = {
			isa = PBXFrameworksBuildPhase;
			buildActionMask = 2147483647;
			files = (
			);
			runOnlyForDeploymentPostprocessing = 0;
		};
/* End PBXFrameworksBuildPhase section */

/* Begin PBXGroup section */
		AE0F51BF29C64E94007C90CB /* View Models */ = {
			isa = PBXGroup;
			children = (
				AE0F51C029C64EBC007C90CB /* MainMenuButton.swift */,
				AE42CF8229D8106E00E1C00B /* CustomMenuButton.swift */,
				AE42CF7529D7D2AD00E1C00B /* EventsList.swift */,
				AE42CF7729D7D2C000E1C00B /* EventCell.swift */,
				AE42CF8029D8038B00E1C00B /* EventDetail.swift */,
				AE0C429D29D1861400874279 /* AuroraMapViewLink.swift */,
			);
			path = "View Models";
			sourceTree = "<group>";
		};
		AE1805D42981BDB100C96DD1 /* Models */ = {
			isa = PBXGroup;
			children = (
				AE1805D22981BDAC00C96DD1 /* Aurora.swift */,
				AE1371002AC36910008C9C7C /* backgroundAuroraRefresh.swift */,
				AE42CF7929D7DFE300E1C00B /* EventModel.swift */,
				AE42CF7B29D7E04A00E1C00B /* Event.swift */,
				AE82E52D2A672DC2007CD427 /* BasicTimer.swift */,
				AE567B9329AE4A4800D75FEB /* CoordinateCalculations.swift */,
				AECB102A2A1FE67200087321 /* Coordinate Finder */,
				AEA00634298310E100EB1EA6 /* IndividualAuroraSpot.swift */,
				AE50FF6629905EE100743942 /* AuroraCoordinateRectangle.swift */,
				AE5A4A622996BC80000856A3 /* SaveAuroraTiles.swift */,
				AE5A4A602996A802000856A3 /* AuroraTileOverlay.swift */,
				AE214D8F29B3ECA100F56724 /* AuroraRendererCustom.swift */,
				AE1805D52981BDEA00C96DD1 /* AuroraError.swift */,
				AE1805EA2981DC5600C96DD1 /* AuroraLocation.swift */,
				AEA006322983107D00EB1EA6 /* AuroraLocationsList.swift */,
				AE30ED992984C55100B30D65 /* AuroraColorCode.swift */,
				AE1805E82981CE2300C96DD1 /* TestData.swift */,
				AE94F3892983325D00068AB5 /* TestDownloader.swift */,
				AE2FB45B2A1FA479004D0B00 /* NotificationBasicModel.swift */,
			);
			path = Models;
			sourceTree = "<group>";
		};
		AE1805E02981CDC200C96DD1 /* Aurora TrackerTests */ = {
			isa = PBXGroup;
			children = (
				AE1805E12981CDC200C96DD1 /* Aurora_TrackerTests.swift */,
			);
			path = "Aurora TrackerTests";
			sourceTree = "<group>";
		};
		AE42CF7D29D7FAD400E1C00B /* Recources */ = {
			isa = PBXGroup;
			children = (
				AE42CF7E29D7FB0700E1C00B /* Events.json */,
			);
			path = Recources;
			sourceTree = "<group>";
		};
		AE8D4EF42981AD7B008AE9A2 = {
			isa = PBXGroup;
			children = (
				AE8D4EFF2981AD7B008AE9A2 /* Aurora Tracker */,
				AE1805E02981CDC200C96DD1 /* Aurora TrackerTests */,
				AE8D4EFE2981AD7B008AE9A2 /* Products */,
			);
			sourceTree = "<group>";
		};
		AE8D4EFE2981AD7B008AE9A2 /* Products */ = {
			isa = PBXGroup;
			children = (
				AE8D4EFD2981AD7B008AE9A2 /* Aurora Tracker.app */,
				AE1805DF2981CDC200C96DD1 /* Aurora TrackerTests.xctest */,
			);
			name = Products;
			sourceTree = "<group>";
		};
		AE8D4EFF2981AD7B008AE9A2 /* Aurora Tracker */ = {
			isa = PBXGroup;
			children = (
				AE8BD3592AC3534B00F18364 /* Aurora-Tracker-Info.plist */,
				AE8D4F002981AD7B008AE9A2 /* Aurora_TrackerApp.swift */,
				AE94F38B2983328C00068AB5 /* HTTPDataDownloader.swift */,
				AE94F3872983314300068AB5 /* AuroraProvider.swift */,
				AE94F38F2983361F00068AB5 /* AuroraClient.swift */,
				AEF758F52988787100D8CC64 /* AuroraOverlay.swift */,
				AEF758F929888F2600D8CC64 /* AuroraMapView.swift */,
				AE0F51BF29C64E94007C90CB /* View Models */,
				AE94F38E2983349B00068AB5 /* Views */,
				AE1805D42981BDB100C96DD1 /* Models */,
				AE42CF7D29D7FAD400E1C00B /* Recources */,
				AE8D4F042981AD7C008AE9A2 /* Assets.xcassets */,
				AE1805D92981C44F00C96DD1 /* SampleData.json */,
				AE8D4F062981AD7C008AE9A2 /* Aurora_Tracker.entitlements */,
				AE8D4F072981AD7C008AE9A2 /* Preview Content */,
			);
			path = "Aurora Tracker";
			sourceTree = "<group>";
		};
		AE8D4F072981AD7C008AE9A2 /* Preview Content */ = {
			isa = PBXGroup;
			children = (
				AE8D4F082981AD7C008AE9A2 /* Preview Assets.xcassets */,
				AE1805EC2981E1F000C96DD1 /* Aurora+Preview.swift */,
				AE94F3852983254D00068AB5 /* AuroraList+Preview.swift */,
				AE0F6E2B29D9A51000BBFAD3 /* IndividualAuroraSpot+Preview.swift */,
			);
			path = "Preview Content";
			sourceTree = "<group>";
		};
		AE94F38E2983349B00068AB5 /* Views */ = {
			isa = PBXGroup;
			children = (
				AE1805F329820EDF00C96DD1 /* Aurora+Color.swift */,
				AE8D4F022981AD7B008AE9A2 /* ContentView.swift */,
				AEFF4BC72B5304A5007EB929 /* MenuSampleBuild.swift */,
				AE0F51BD29C64E1F007C90CB /* MainMenu.swift */,
				AE1805EE29820B5300C96DD1 /* MapView.swift */,
			);
			path = Views;
			sourceTree = "<group>";
		};
		AECB102A2A1FE67200087321 /* Coordinate Finder */ = {
			isa = PBXGroup;
			children = (
				AECB102B2A1FE6DE00087321 /* CoordinateFinder.swift */,
				AE820F012AE992FD00EAA6E2 /* TileCoordinateCalculator.swift */,
			);
			path = "Coordinate Finder";
			sourceTree = "<group>";
		};
/* End PBXGroup section */

/* Begin PBXNativeTarget section */
		AE1805DE2981CDC200C96DD1 /* Aurora TrackerTests */ = {
			isa = PBXNativeTarget;
			buildConfigurationList = AE1805E52981CDC300C96DD1 /* Build configuration list for PBXNativeTarget "Aurora TrackerTests" */;
			buildPhases = (
				AE1805DB2981CDC200C96DD1 /* Sources */,
				AE1805DC2981CDC200C96DD1 /* Frameworks */,
				AE1805DD2981CDC200C96DD1 /* Resources */,
			);
			buildRules = (
			);
			dependencies = (
				AE1805E42981CDC200C96DD1 /* PBXTargetDependency */,
			);
			name = "Aurora TrackerTests";
			productName = "Aurora TrackerTests";
			productReference = AE1805DF2981CDC200C96DD1 /* Aurora TrackerTests.xctest */;
			productType = "com.apple.product-type.bundle.unit-test";
		};
		AE8D4EFC2981AD7B008AE9A2 /* Aurora Tracker */ = {
			isa = PBXNativeTarget;
			buildConfigurationList = AE8D4F0C2981AD7C008AE9A2 /* Build configuration list for PBXNativeTarget "Aurora Tracker" */;
			buildPhases = (
				AE8D4EF92981AD7B008AE9A2 /* Sources */,
				AE8D4EFA2981AD7B008AE9A2 /* Frameworks */,
				AE8D4EFB2981AD7B008AE9A2 /* Resources */,
			);
			buildRules = (
			);
			dependencies = (
			);
			name = "Aurora Tracker";
			productName = "Aurora Tracker";
			productReference = AE8D4EFD2981AD7B008AE9A2 /* Aurora Tracker.app */;
			productType = "com.apple.product-type.application";
		};
/* End PBXNativeTarget section */

/* Begin PBXProject section */
		AE8D4EF52981AD7B008AE9A2 /* Project object */ = {
			isa = PBXProject;
			attributes = {
				BuildIndependentTargetsInParallel = 1;
				LastSwiftUpdateCheck = 1420;
				LastUpgradeCheck = 1430;
				TargetAttributes = {
					AE1805DE2981CDC200C96DD1 = {
						CreatedOnToolsVersion = 14.2;
						LastSwiftMigration = 1500;
						TestTargetID = AE8D4EFC2981AD7B008AE9A2;
					};
					AE8D4EFC2981AD7B008AE9A2 = {
						CreatedOnToolsVersion = 14.2;
						LastSwiftMigration = 1430;
					};
				};
			};
			buildConfigurationList = AE8D4EF82981AD7B008AE9A2 /* Build configuration list for PBXProject "Aurora Tracker" */;
			compatibilityVersion = "Xcode 14.0";
			developmentRegion = en;
			hasScannedForEncodings = 0;
			knownRegions = (
				en,
				Base,
			);
			mainGroup = AE8D4EF42981AD7B008AE9A2;
			productRefGroup = AE8D4EFE2981AD7B008AE9A2 /* Products */;
			projectDirPath = "";
			projectRoot = "";
			targets = (
				AE8D4EFC2981AD7B008AE9A2 /* Aurora Tracker */,
				AE1805DE2981CDC200C96DD1 /* Aurora TrackerTests */,
			);
		};
/* End PBXProject section */

/* Begin PBXResourcesBuildPhase section */
		AE1805DD2981CDC200C96DD1 /* Resources */ = {
			isa = PBXResourcesBuildPhase;
			buildActionMask = 2147483647;
			files = (
			);
			runOnlyForDeploymentPostprocessing = 0;
		};
		AE8D4EFB2981AD7B008AE9A2 /* Resources */ = {
			isa = PBXResourcesBuildPhase;
			buildActionMask = 2147483647;
			files = (
				AE42CF7F29D7FB0700E1C00B /* Events.json in Resources */,
				AE8D4F092981AD7C008AE9A2 /* Preview Assets.xcassets in Resources */,
				AE1805DA2981C44F00C96DD1 /* SampleData.json in Resources */,
				AE8D4F052981AD7C008AE9A2 /* Assets.xcassets in Resources */,
			);
			runOnlyForDeploymentPostprocessing = 0;
		};
/* End PBXResourcesBuildPhase section */

/* Begin PBXSourcesBuildPhase section */
		AE1805DB2981CDC200C96DD1 /* Sources */ = {
			isa = PBXSourcesBuildPhase;
			buildActionMask = 2147483647;
			files = (
				AE1805E22981CDC200C96DD1 /* Aurora_TrackerTests.swift in Sources */,
				AE2FB45D2A1FA479004D0B00 /* NotificationBasicModel.swift in Sources */,
			);
			runOnlyForDeploymentPostprocessing = 0;
		};
		AE8D4EF92981AD7B008AE9A2 /* Sources */ = {
			isa = PBXSourcesBuildPhase;
			buildActionMask = 2147483647;
			files = (
				AEA00635298310E100EB1EA6 /* IndividualAuroraSpot.swift in Sources */,
				AE1805EF29820B5300C96DD1 /* MapView.swift in Sources */,
				AE82E52E2A672DC2007CD427 /* BasicTimer.swift in Sources */,
				AE5A4A632996BC80000856A3 /* SaveAuroraTiles.swift in Sources */,
				AE1805ED2981E1F000C96DD1 /* Aurora+Preview.swift in Sources */,
				AE1371012AC36910008C9C7C /* backgroundAuroraRefresh.swift in Sources */,
				AE5A4A612996A802000856A3 /* AuroraTileOverlay.swift in Sources */,
				AE42CF8129D8038B00E1C00B /* EventDetail.swift in Sources */,
				AEF758FA29888F2600D8CC64 /* AuroraMapView.swift in Sources */,
				AE94F3902983361F00068AB5 /* AuroraClient.swift in Sources */,
				AE2FB45C2A1FA479004D0B00 /* NotificationBasicModel.swift in Sources */,
				AE42CF7C29D7E04A00E1C00B /* Event.swift in Sources */,
				AE1805EB2981DC5600C96DD1 /* AuroraLocation.swift in Sources */,
				AE42CF7829D7D2C000E1C00B /* EventCell.swift in Sources */,
				AE567B9429AE4A4800D75FEB /* CoordinateCalculations.swift in Sources */,
				AE42CF7629D7D2AD00E1C00B /* EventsList.swift in Sources */,
				AE820F022AE992FD00EAA6E2 /* TileCoordinateCalculator.swift in Sources */,
				AE0F51C129C64EBC007C90CB /* MainMenuButton.swift in Sources */,
				AE50FF6729905EE100743942 /* AuroraCoordinateRectangle.swift in Sources */,
				AE94F3882983314300068AB5 /* AuroraProvider.swift in Sources */,
				AE0F6E2C29D9A51000BBFAD3 /* IndividualAuroraSpot+Preview.swift in Sources */,
				AEF758F62988787100D8CC64 /* AuroraOverlay.swift in Sources */,
				AE0F51BE29C64E1F007C90CB /* MainMenu.swift in Sources */,
				AEFF4BC82B5304A5007EB929 /* MenuSampleBuild.swift in Sources */,
				AE0C429E29D1861500874279 /* AuroraMapViewLink.swift in Sources */,
				AECB102C2A1FE6DE00087321 /* CoordinateFinder.swift in Sources */,
				AE94F38D2983340600068AB5 /* TestDownloader.swift in Sources */,
				AE1805F029820DB100C96DD1 /* TestData.swift in Sources */,
				AE42CF8329D8106E00E1C00B /* CustomMenuButton.swift in Sources */,
				AEA006332983107D00EB1EA6 /* AuroraLocationsList.swift in Sources */,
				AE1805F429820EDF00C96DD1 /* Aurora+Color.swift in Sources */,
				AE214D9029B3ECA100F56724 /* AuroraRendererCustom.swift in Sources */,
				AE1805D62981BDEA00C96DD1 /* AuroraError.swift in Sources */,
				AE30ED9A2984C55100B30D65 /* AuroraColorCode.swift in Sources */,
				AE94F3862983254D00068AB5 /* AuroraList+Preview.swift in Sources */,
				AE94F38C2983328C00068AB5 /* HTTPDataDownloader.swift in Sources */,
				AE8D4F032981AD7B008AE9A2 /* ContentView.swift in Sources */,
				AE42CF7A29D7DFE300E1C00B /* EventModel.swift in Sources */,
				AE8D4F012981AD7B008AE9A2 /* Aurora_TrackerApp.swift in Sources */,
				AE1805D32981BDAC00C96DD1 /* Aurora.swift in Sources */,
			);
			runOnlyForDeploymentPostprocessing = 0;
		};
/* End PBXSourcesBuildPhase section */

/* Begin PBXTargetDependency section */
		AE1805E42981CDC200C96DD1 /* PBXTargetDependency */ = {
			isa = PBXTargetDependency;
			target = AE8D4EFC2981AD7B008AE9A2 /* Aurora Tracker */;
			targetProxy = AE1805E32981CDC200C96DD1 /* PBXContainerItemProxy */;
		};
/* End PBXTargetDependency section */

/* Begin XCBuildConfiguration section */
		AE1805E62981CDC300C96DD1 /* Debug */ = {
			isa = XCBuildConfiguration;
			buildSettings = {
				BUNDLE_LOADER = "$(TEST_HOST)";
				CLANG_ENABLE_MODULES = YES;
				CODE_SIGN_STYLE = Automatic;
				CURRENT_PROJECT_VERSION = 1;
				DEAD_CODE_STRIPPING = YES;
				DEVELOPMENT_TEAM = 2M25927RFN;
				GENERATE_INFOPLIST_FILE = YES;
				IPHONEOS_DEPLOYMENT_TARGET = 16.0;
				MACOSX_DEPLOYMENT_TARGET = 13.0;
				MARKETING_VERSION = 1.0;
				PRODUCT_BUNDLE_IDENTIFIER = "arseniychuranov.com.Aurora-TrackerTests";
				PRODUCT_NAME = "$(TARGET_NAME)";
				SDKROOT = macosx;
				SUPPORTED_PLATFORMS = "iphoneos iphonesimulator macosx watchos watchsimulator";
				SUPPORTS_MACCATALYST = NO;
				SUPPORTS_MAC_DESIGNED_FOR_IPHONE_IPAD = NO;
				SWIFT_EMIT_LOC_STRINGS = NO;
				SWIFT_OBJC_BRIDGING_HEADER = "Aurora Tracker/Models/Aurora TrackerTests-Bridging-Header.h";
				SWIFT_OPTIMIZATION_LEVEL = "-Onone";
				SWIFT_VERSION = 5.0;
				TARGETED_DEVICE_FAMILY = "1,4";
				TEST_HOST = "$(BUILT_PRODUCTS_DIR)/Aurora Tracker.app/$(BUNDLE_EXECUTABLE_FOLDER_PATH)/Aurora Tracker";
				WATCHOS_DEPLOYMENT_TARGET = 9.0;
			};
			name = Debug;
		};
		AE1805E72981CDC300C96DD1 /* Release */ = {
			isa = XCBuildConfiguration;
			buildSettings = {
				BUNDLE_LOADER = "$(TEST_HOST)";
				CLANG_ENABLE_MODULES = YES;
				CODE_SIGN_STYLE = Automatic;
				CURRENT_PROJECT_VERSION = 1;
				DEAD_CODE_STRIPPING = YES;
				DEVELOPMENT_TEAM = 2M25927RFN;
				GENERATE_INFOPLIST_FILE = YES;
				IPHONEOS_DEPLOYMENT_TARGET = 16.0;
				MACOSX_DEPLOYMENT_TARGET = 13.0;
				MARKETING_VERSION = 1.0;
				PRODUCT_BUNDLE_IDENTIFIER = "arseniychuranov.com.Aurora-TrackerTests";
				PRODUCT_NAME = "$(TARGET_NAME)";
				SDKROOT = macosx;
				SUPPORTED_PLATFORMS = "iphoneos iphonesimulator macosx watchos watchsimulator";
				SUPPORTS_MACCATALYST = NO;
				SUPPORTS_MAC_DESIGNED_FOR_IPHONE_IPAD = NO;
				SWIFT_EMIT_LOC_STRINGS = NO;
				SWIFT_OBJC_BRIDGING_HEADER = "Aurora Tracker/Models/Aurora TrackerTests-Bridging-Header.h";
				SWIFT_VERSION = 5.0;
				TARGETED_DEVICE_FAMILY = "1,4";
				TEST_HOST = "$(BUILT_PRODUCTS_DIR)/Aurora Tracker.app/$(BUNDLE_EXECUTABLE_FOLDER_PATH)/Aurora Tracker";
				WATCHOS_DEPLOYMENT_TARGET = 9.0;
			};
			name = Release;
		};
		AE8D4F0A2981AD7C008AE9A2 /* Debug */ = {
			isa = XCBuildConfiguration;
			buildSettings = {
				ALWAYS_SEARCH_USER_PATHS = NO;
				CLANG_ANALYZER_NONNULL = YES;
				CLANG_ANALYZER_NUMBER_OBJECT_CONVERSION = YES_AGGRESSIVE;
				CLANG_CXX_LANGUAGE_STANDARD = "gnu++20";
				CLANG_ENABLE_MODULES = YES;
				CLANG_ENABLE_OBJC_ARC = YES;
				CLANG_ENABLE_OBJC_WEAK = YES;
				CLANG_WARN_BLOCK_CAPTURE_AUTORELEASING = YES;
				CLANG_WARN_BOOL_CONVERSION = YES;
				CLANG_WARN_COMMA = YES;
				CLANG_WARN_CONSTANT_CONVERSION = YES;
				CLANG_WARN_DEPRECATED_OBJC_IMPLEMENTATIONS = YES;
				CLANG_WARN_DIRECT_OBJC_ISA_USAGE = YES_ERROR;
				CLANG_WARN_DOCUMENTATION_COMMENTS = YES;
				CLANG_WARN_EMPTY_BODY = YES;
				CLANG_WARN_ENUM_CONVERSION = YES;
				CLANG_WARN_INFINITE_RECURSION = YES;
				CLANG_WARN_INT_CONVERSION = YES;
				CLANG_WARN_NON_LITERAL_NULL_CONVERSION = YES;
				CLANG_WARN_OBJC_IMPLICIT_RETAIN_SELF = YES;
				CLANG_WARN_OBJC_LITERAL_CONVERSION = YES;
				CLANG_WARN_OBJC_ROOT_CLASS = YES_ERROR;
				CLANG_WARN_QUOTED_INCLUDE_IN_FRAMEWORK_HEADER = YES;
				CLANG_WARN_RANGE_LOOP_ANALYSIS = YES;
				CLANG_WARN_STRICT_PROTOTYPES = YES;
				CLANG_WARN_SUSPICIOUS_MOVE = YES;
				CLANG_WARN_UNGUARDED_AVAILABILITY = YES_AGGRESSIVE;
				CLANG_WARN_UNREACHABLE_CODE = YES;
				CLANG_WARN__DUPLICATE_METHOD_MATCH = YES;
				COPY_PHASE_STRIP = NO;
				DEAD_CODE_STRIPPING = YES;
				DEBUG_INFORMATION_FORMAT = dwarf;
				ENABLE_STRICT_OBJC_MSGSEND = YES;
				ENABLE_TESTABILITY = YES;
				GCC_C_LANGUAGE_STANDARD = gnu11;
				GCC_DYNAMIC_NO_PIC = NO;
				GCC_NO_COMMON_BLOCKS = YES;
				GCC_OPTIMIZATION_LEVEL = 0;
				GCC_PREPROCESSOR_DEFINITIONS = (
					"DEBUG=1",
					"$(inherited)",
				);
				GCC_WARN_64_TO_32_BIT_CONVERSION = YES;
				GCC_WARN_ABOUT_RETURN_TYPE = YES_ERROR;
				GCC_WARN_UNDECLARED_SELECTOR = YES;
				GCC_WARN_UNINITIALIZED_AUTOS = YES_AGGRESSIVE;
				GCC_WARN_UNUSED_FUNCTION = YES;
				GCC_WARN_UNUSED_VARIABLE = YES;
				IPHONEOS_DEPLOYMENT_TARGET = 16.0;
				MACOSX_DEPLOYMENT_TARGET = "$(RECOMMENDED_MACOSX_DEPLOYMENT_TARGET)";
				MTL_ENABLE_DEBUG_INFO = INCLUDE_SOURCE;
				MTL_FAST_MATH = YES;
				ONLY_ACTIVE_ARCH = YES;
				SWIFT_ACTIVE_COMPILATION_CONDITIONS = DEBUG;
				SWIFT_OPTIMIZATION_LEVEL = "-Onone";
			};
			name = Debug;
		};
		AE8D4F0B2981AD7C008AE9A2 /* Release */ = {
			isa = XCBuildConfiguration;
			buildSettings = {
				ALWAYS_SEARCH_USER_PATHS = NO;
				CLANG_ANALYZER_NONNULL = YES;
				CLANG_ANALYZER_NUMBER_OBJECT_CONVERSION = YES_AGGRESSIVE;
				CLANG_CXX_LANGUAGE_STANDARD = "gnu++20";
				CLANG_ENABLE_MODULES = YES;
				CLANG_ENABLE_OBJC_ARC = YES;
				CLANG_ENABLE_OBJC_WEAK = YES;
				CLANG_WARN_BLOCK_CAPTURE_AUTORELEASING = YES;
				CLANG_WARN_BOOL_CONVERSION = YES;
				CLANG_WARN_COMMA = YES;
				CLANG_WARN_CONSTANT_CONVERSION = YES;
				CLANG_WARN_DEPRECATED_OBJC_IMPLEMENTATIONS = YES;
				CLANG_WARN_DIRECT_OBJC_ISA_USAGE = YES_ERROR;
				CLANG_WARN_DOCUMENTATION_COMMENTS = YES;
				CLANG_WARN_EMPTY_BODY = YES;
				CLANG_WARN_ENUM_CONVERSION = YES;
				CLANG_WARN_INFINITE_RECURSION = YES;
				CLANG_WARN_INT_CONVERSION = YES;
				CLANG_WARN_NON_LITERAL_NULL_CONVERSION = YES;
				CLANG_WARN_OBJC_IMPLICIT_RETAIN_SELF = YES;
				CLANG_WARN_OBJC_LITERAL_CONVERSION = YES;
				CLANG_WARN_OBJC_ROOT_CLASS = YES_ERROR;
				CLANG_WARN_QUOTED_INCLUDE_IN_FRAMEWORK_HEADER = YES;
				CLANG_WARN_RANGE_LOOP_ANALYSIS = YES;
				CLANG_WARN_STRICT_PROTOTYPES = YES;
				CLANG_WARN_SUSPICIOUS_MOVE = YES;
				CLANG_WARN_UNGUARDED_AVAILABILITY = YES_AGGRESSIVE;
				CLANG_WARN_UNREACHABLE_CODE = YES;
				CLANG_WARN__DUPLICATE_METHOD_MATCH = YES;
				COPY_PHASE_STRIP = NO;
				DEAD_CODE_STRIPPING = YES;
				DEBUG_INFORMATION_FORMAT = "dwarf-with-dsym";
				ENABLE_NS_ASSERTIONS = NO;
				ENABLE_STRICT_OBJC_MSGSEND = YES;
				GCC_C_LANGUAGE_STANDARD = gnu11;
				GCC_NO_COMMON_BLOCKS = YES;
				GCC_WARN_64_TO_32_BIT_CONVERSION = YES;
				GCC_WARN_ABOUT_RETURN_TYPE = YES_ERROR;
				GCC_WARN_UNDECLARED_SELECTOR = YES;
				GCC_WARN_UNINITIALIZED_AUTOS = YES_AGGRESSIVE;
				GCC_WARN_UNUSED_FUNCTION = YES;
				GCC_WARN_UNUSED_VARIABLE = YES;
				IPHONEOS_DEPLOYMENT_TARGET = 16.0;
				MACOSX_DEPLOYMENT_TARGET = "$(RECOMMENDED_MACOSX_DEPLOYMENT_TARGET)";
				MTL_ENABLE_DEBUG_INFO = NO;
				MTL_FAST_MATH = YES;
				SWIFT_COMPILATION_MODE = wholemodule;
				SWIFT_OPTIMIZATION_LEVEL = "-O";
			};
			name = Release;
		};
		AE8D4F0D2981AD7C008AE9A2 /* Debug */ = {
			isa = XCBuildConfiguration;
			buildSettings = {
				ASSETCATALOG_COMPILER_APPICON_NAME = AppIcon;
				ASSETCATALOG_COMPILER_GLOBAL_ACCENT_COLOR_NAME = AccentColor;
				CLANG_ENABLE_MODULES = YES;
				CODE_SIGN_ENTITLEMENTS = "Aurora Tracker/Aurora_Tracker.entitlements";
				CODE_SIGN_STYLE = Automatic;
				CURRENT_PROJECT_VERSION = 1.0;
				DEAD_CODE_STRIPPING = YES;
				DEVELOPMENT_ASSET_PATHS = "\"Aurora Tracker/Preview Content\"";
				DEVELOPMENT_TEAM = 2M25927RFN;
				ENABLE_HARDENED_RUNTIME = YES;
				ENABLE_PREVIEWS = YES;
				GENERATE_INFOPLIST_FILE = YES;
				INFOPLIST_FILE = "Aurora-Tracker-Info.plist";
				"INFOPLIST_KEY_UIApplicationSceneManifest_Generation[sdk=iphoneos*]" = YES;
				"INFOPLIST_KEY_UIApplicationSceneManifest_Generation[sdk=iphonesimulator*]" = YES;
				"INFOPLIST_KEY_UIApplicationSupportsIndirectInputEvents[sdk=iphoneos*]" = YES;
				"INFOPLIST_KEY_UIApplicationSupportsIndirectInputEvents[sdk=iphonesimulator*]" = YES;
				"INFOPLIST_KEY_UILaunchScreen_Generation[sdk=iphoneos*]" = YES;
				"INFOPLIST_KEY_UILaunchScreen_Generation[sdk=iphonesimulator*]" = YES;
				"INFOPLIST_KEY_UIStatusBarStyle[sdk=iphoneos*]" = UIStatusBarStyleDefault;
				"INFOPLIST_KEY_UIStatusBarStyle[sdk=iphonesimulator*]" = UIStatusBarStyleDefault;
				INFOPLIST_KEY_UISupportedInterfaceOrientations = UIInterfaceOrientationPortrait;
				INFOPLIST_KEY_UISupportedInterfaceOrientations_iPad = "UIInterfaceOrientationLandscapeLeft UIInterfaceOrientationLandscapeRight UIInterfaceOrientationPortrait UIInterfaceOrientationPortraitUpsideDown";
				IPHONEOS_DEPLOYMENT_TARGET = 16.0;
				LD_RUNPATH_SEARCH_PATHS = "@executable_path/Frameworks";
				"LD_RUNPATH_SEARCH_PATHS[sdk=macosx*]" = "@executable_path/../Frameworks";
				MACOSX_DEPLOYMENT_TARGET = 13.1;
				MARKETING_VERSION = 1.0.0;
				PRODUCT_BUNDLE_IDENTIFIER = "arseniychuranov.com.Aurora-Tracker";
				PRODUCT_NAME = "$(TARGET_NAME)";
				SDKROOT = auto;
				SUPPORTED_PLATFORMS = "iphoneos iphonesimulator";
				SUPPORTS_MACCATALYST = NO;
				SUPPORTS_MAC_DESIGNED_FOR_IPHONE_IPAD = NO;
				SWIFT_EMIT_LOC_STRINGS = YES;
				SWIFT_OBJC_BRIDGING_HEADER = "Aurora Tracker/Models/Aurora Tracker-Bridging-Header.h";
				SWIFT_OPTIMIZATION_LEVEL = "-Onone";
				SWIFT_VERSION = 5.0;
				TARGETED_DEVICE_FAMILY = "1,2";
			};
			name = Debug;
		};
		AE8D4F0E2981AD7C008AE9A2 /* Release */ = {
			isa = XCBuildConfiguration;
			buildSettings = {
				ASSETCATALOG_COMPILER_APPICON_NAME = AppIcon;
				ASSETCATALOG_COMPILER_GLOBAL_ACCENT_COLOR_NAME = AccentColor;
				CLANG_ENABLE_MODULES = YES;
				CODE_SIGN_ENTITLEMENTS = "Aurora Tracker/Aurora_Tracker.entitlements";
				CODE_SIGN_STYLE = Automatic;
				CURRENT_PROJECT_VERSION = 1.0;
				DEAD_CODE_STRIPPING = YES;
				DEVELOPMENT_ASSET_PATHS = "\"Aurora Tracker/Preview Content\"";
				DEVELOPMENT_TEAM = 2M25927RFN;
				ENABLE_HARDENED_RUNTIME = YES;
				ENABLE_PREVIEWS = YES;
				GENERATE_INFOPLIST_FILE = YES;
				INFOPLIST_FILE = "Aurora-Tracker-Info.plist";
				"INFOPLIST_KEY_UIApplicationSceneManifest_Generation[sdk=iphoneos*]" = YES;
				"INFOPLIST_KEY_UIApplicationSceneManifest_Generation[sdk=iphonesimulator*]" = YES;
				"INFOPLIST_KEY_UIApplicationSupportsIndirectInputEvents[sdk=iphoneos*]" = YES;
				"INFOPLIST_KEY_UIApplicationSupportsIndirectInputEvents[sdk=iphonesimulator*]" = YES;
				"INFOPLIST_KEY_UILaunchScreen_Generation[sdk=iphoneos*]" = YES;
				"INFOPLIST_KEY_UILaunchScreen_Generation[sdk=iphonesimulator*]" = YES;
				"INFOPLIST_KEY_UIStatusBarStyle[sdk=iphoneos*]" = UIStatusBarStyleDefault;
				"INFOPLIST_KEY_UIStatusBarStyle[sdk=iphonesimulator*]" = UIStatusBarStyleDefault;
				INFOPLIST_KEY_UISupportedInterfaceOrientations = UIInterfaceOrientationPortrait;
				INFOPLIST_KEY_UISupportedInterfaceOrientations_iPad = "UIInterfaceOrientationLandscapeLeft UIInterfaceOrientationLandscapeRight UIInterfaceOrientationPortrait UIInterfaceOrientationPortraitUpsideDown";
				IPHONEOS_DEPLOYMENT_TARGET = 16.0;
				LD_RUNPATH_SEARCH_PATHS = "@executable_path/Frameworks";
				"LD_RUNPATH_SEARCH_PATHS[sdk=macosx*]" = "@executable_path/../Frameworks";
				MACOSX_DEPLOYMENT_TARGET = 13.1;
				MARKETING_VERSION = 1.0.0;
				PRODUCT_BUNDLE_IDENTIFIER = "arseniychuranov.com.Aurora-Tracker";
				PRODUCT_NAME = "$(TARGET_NAME)";
				SDKROOT = auto;
				SUPPORTED_PLATFORMS = "iphoneos iphonesimulator";
				SUPPORTS_MACCATALYST = NO;
				SUPPORTS_MAC_DESIGNED_FOR_IPHONE_IPAD = NO;
				SWIFT_EMIT_LOC_STRINGS = YES;
				SWIFT_OBJC_BRIDGING_HEADER = "Aurora Tracker/Models/Aurora Tracker-Bridging-Header.h";
				SWIFT_VERSION = 5.0;
				TARGETED_DEVICE_FAMILY = "1,2";
			};
			name = Release;
		};
/* End XCBuildConfiguration section */

/* Begin XCConfigurationList section */
		AE1805E52981CDC300C96DD1 /* Build configuration list for PBXNativeTarget "Aurora TrackerTests" */ = {
			isa = XCConfigurationList;
			buildConfigurations = (
				AE1805E62981CDC300C96DD1 /* Debug */,
				AE1805E72981CDC300C96DD1 /* Release */,
			);
			defaultConfigurationIsVisible = 0;
			defaultConfigurationName = Release;
		};
		AE8D4EF82981AD7B008AE9A2 /* Build configuration list for PBXProject "Aurora Tracker" */ = {
			isa = XCConfigurationList;
			buildConfigurations = (
				AE8D4F0A2981AD7C008AE9A2 /* Debug */,
				AE8D4F0B2981AD7C008AE9A2 /* Release */,
			);
			defaultConfigurationIsVisible = 0;
			defaultConfigurationName = Release;
		};
		AE8D4F0C2981AD7C008AE9A2 /* Build configuration list for PBXNativeTarget "Aurora Tracker" */ = {
			isa = XCConfigurationList;
			buildConfigurations = (
				AE8D4F0D2981AD7C008AE9A2 /* Debug */,
				AE8D4F0E2981AD7C008AE9A2 /* Release */,
			);
			defaultConfigurationIsVisible = 0;
			defaultConfigurationName = Release;
		};
/* End XCConfigurationList section */
	};
	rootObject = AE8D4EF52981AD7B008AE9A2 /* Project object */;
}
